
Microsoft Visual Studio Solution File, Format Version 12.00
# Visual Studio Version 16
VisualStudioVersion = 16.0.30204.135
MinimumVisualStudioVersion = 10.0.40219.1
Project("{FAE04EC0-301F-11D3-BF4B-00C04F79EFBC}") = "blazor-demo", "blazor-demo\blazor-demo.csproj", "{D10AA6AD-7F89-41ED-A4F7-CF4D78413D84}"
EndProject
Global
	GlobalSection(SolutionConfigurationPlatforms) = preSolution
		Debug|Any CPU = Debug|Any CPU
		Release|Any CPU = Release|Any CPU
	EndGlobalSection
	GlobalSection(ProjectConfigurationPlatforms) = postSolution
		{D10AA6AD-7F89-41ED-A4F7-CF4D78413D84}.Debug|Any CPU.ActiveCfg = Debug|Any CPU
		{D10AA6AD-7F89-41ED-A4F7-CF4D78413D84}.Debug|Any CPU.Build.0 = Debug|Any CPU
		{D10AA6AD-7F89-41ED-A4F7-CF4D78413D84}.Release|Any CPU.ActiveCfg = Release|Any CPU
		{D10AA6AD-7F89-41ED-A4F7-CF4D78413D84}.Release|Any CPU.Build.0 = Release|Any CPU
	EndGlobalSection
	GlobalSection(SolutionProperties) = preSolution
		HideSolutionNode = FALSE
	EndGlobalSection
	GlobalSection(ExtensibilityGlobals) = postSolution
		SolutionGuid = {7BA60C13-BE0E-4B95-83C3-5710DBEF73E8}
	EndGlobalSection
EndGlobal
